{
  "name": "gropmng-frontend",
  "version": "1.0.0",
  "lockfileVersion": 3,
  "requires": true,
  "packages": {
    "": {
      "name": "gropmng-frontend",
      "version": "1.0.0",
      "dependencies": {
        "@simonwep/pickr": "1.8.2",
        "@yaireo/tagify": "4.17.9",
        "animate.css": "4.1.1",
        "aos": "2.3.4",
        "apexcharts-clevision": "3.28.5",
        "bootstrap": "5.3.2",
        "bootstrap-select": "1.14.0-beta3",
        "bs-stepper": "1.7.0",
        "datatables.net-bs5": "1.13.11",
        "datatables.net-buttons-bs5": "2.3.6",
        "datatables.net-fixedcolumns-bs5": "4.2.2",
        "datatables.net-fixedheader-bs5": "3.3.2",
        "datatables.net-responsive-bs5": "2.4.1",
        "datatables.net-rowgroup-bs5": "1.3.1",
        "datatables.net-select-bs5": "1.6.2",
        "highlight.js": "11.8.0",
        "jkanban": "1.3.1",
        "jquery-datatables-checkboxes": "1.2.14",
        "jstree": "3.3.17",
        "katex": "0.16.22",
        "leaflet": "1.9.4",
        "mapbox-gl": "2.15.0",
        "nouislider": "15.7.2",
        "perfect-scrollbar": "1.5.6",
        "plyr": "3.7.8",
        "rateyo": "2.3.5",
        "select2": "4.0.13",
        "shepherd.js": "10.0.1",
        "spinkit": "2.0.1",
        "sweetalert2": "11.7.32",
        "swiper": "9.4.1",
        "toastr": "2.1.4"
      }
    },
    "../../..": {
      "name": "gropmng-root-scss-proxy",
      "version": "1.0.0",
      "extraneous": true,
      "hasInstallScript": true,
      "devDependencies": {
        "concurrently": "^8.2.0",
        "sass": "^1.69.0"
      }
    },
    "node_modules/@mapbox/geojson-rewind": {
      "version": "0.5.2",
      "license": "ISC",
      "dependencies": {
        "get-stream": "^6.0.1",
        "minimist": "^1.2.6"
      },
      "bin": {
        "geojson-rewind": "geojson-rewind"
      }
    },
    "node_modules/@mapbox/jsonlint-lines-primitives": {
      "version": "2.0.2",
      "engines": {
        "node": ">= 0.6"
      }
    },
    "node_modules/@mapbox/mapbox-gl-supported": {
      "version": "2.0.1",
      "license": "BSD-3-Clause"
    },
    "node_modules/@mapbox/point-geometry": {
      "version": "0.1.0",
      "license": "ISC"
    },
    "node_modules/@mapbox/tiny-sdf": {
      "version": "2.0.6",
      "license": "BSD-2-Clause"
    },
    "node_modules/@mapbox/unitbezier": {
      "version": "0.0.1",
      "license": "BSD-2-Clause"
    },
    "node_modules/@mapbox/vector-tile": {
      "version": "1.3.1",
      "license": "BSD-3-Clause",
      "dependencies": {
        "@mapbox/point-geometry": "~0.1.0"
      }
    },
    "node_modules/@mapbox/whoots-js": {
      "version": "3.1.0",
      "license": "ISC",
      "engines": {
        "node": ">=6.0.0"
      }
    },
    "node_modules/@popperjs/core": {
      "version": "2.11.8",
      "license": "MIT",
      "funding": {
        "type": "opencollective",
        "url": "https://opencollective.com/popperjs"
      }
    },
    "node_modules/@simonwep/pickr": {
      "version": "1.8.2",
      "license": "MIT",
      "dependencies": {
        "core-js": "^3.15.1",
        "nanopop": "^2.1.0"
      }
    },
    "node_modules/@yaireo/tagify": {
      "version": "4.17.9",
      "license": "MIT",
      "engines": {
        "node": ">=14.20.0",
        "npm": ">=8.0.0"
      },
      "peerDependencies": {
        "prop-types": "^15.7.2"
      }
    },
    "node_modules/animate.css": {
      "version": "4.1.1",
      "license": "MIT"
    },
    "node_modules/anymatch": {
      "version": "3.1.3",
      "license": "ISC",
      "dependencies": {
        "normalize-path": "^3.0.0",
        "picomatch": "^2.0.4"
      },
      "engines": {
        "node": ">= 8"
      }
    },
    "node_modules/aos": {
      "version": "2.3.4",
      "license": "MIT",
      "dependencies": {
        "classlist-polyfill": "^1.0.3",
        "lodash.debounce": "^4.0.6",
        "lodash.throttle": "^4.0.1"
      }
    },
    "node_modules/apexcharts-clevision": {
      "version": "3.28.5",
      "license": "MIT",
      "dependencies": {
        "svg.draggable.js": "^2.2.2",
        "svg.easing.js": "^2.0.0",
        "svg.filter.js": "^2.0.2",
        "svg.pathmorphing.js": "^0.1.3",
        "svg.resize.js": "^1.4.3",
        "svg.select.js": "^3.0.1"
      }
    },
    "node_modules/atoa": {
      "version": "1.0.0",
      "license": "MIT"
    },
    "node_modules/balanced-match": {
      "version": "1.0.2",
      "license": "MIT"
    },
    "node_modules/binary-extensions": {
      "version": "2.2.0",
      "license": "MIT",
      "engines": {
        "node": ">=8"
      }
    },
    "node_modules/bootstrap": {
      "version": "5.3.2",
      "funding": [
        {
          "type": "github",
          "url": "https://github.com/sponsors/twbs"
        },
        {
          "type": "opencollective",
          "url": "https://opencollective.com/bootstrap"
        }
      ],
      "license": "MIT",
      "peerDependencies": {
        "@popperjs/core": "^2.11.8"
      }
    },
    "node_modules/bootstrap-select": {
      "version": "1.14.0-beta3",
      "license": "MIT",
      "peerDependencies": {
        "bootstrap": ">=3.0.0",
        "jquery": "1.9.1 - 3"
      }
    },
    "node_modules/brace-expansion": {
      "version": "1.1.11",
      "license": "MIT",
      "dependencies": {
        "balanced-match": "^1.0.0",
        "concat-map": "0.0.1"
      }
    },
    "node_modules/braces": {
      "version": "3.0.2",
      "license": "MIT",
      "dependencies": {
        "fill-range": "^7.0.1"
      },
      "engines": {
        "node": ">=8"
      }
    },
    "node_modules/bs-stepper": {
      "version": "1.7.0",
      "license": "MIT",
      "engines": {
        "node": ">=8"
      }
    },
    "node_modules/chokidar": {
      "version": "3.5.3",
      "funding": [
        {
          "type": "individual",
          "url": "https://paulmillr.com/funding/"
        }
      ],
      "license": "MIT",
      "dependencies": {
        "anymatch": "~3.1.2",
        "braces": "~3.0.2",
        "glob-parent": "~5.1.2",
        "is-binary-path": "~2.1.0",
        "is-glob": "~4.0.1",
        "normalize-path": "~3.0.0",
        "readdirp": "~3.6.0"
      },
      "engines": {
        "node": ">= 8.10.0"
      },
      "optionalDependencies": {
        "fsevents": "~2.3.2"
      }
    },
    "node_modules/classlist-polyfill": {
      "version": "1.2.0",
      "license": "Unlicense"
    },
    "node_modules/concat-map": {
      "version": "0.0.1",
      "license": "MIT"
    },
    "node_modules/contra": {
      "version": "1.9.4",
      "license": "MIT",
      "dependencies": {
        "atoa": "1.0.0",
        "ticky": "1.0.1"
      }
    },
    "node_modules/core-js": {
      "version": "3.34.0",
      "hasInstallScript": true,
      "license": "MIT",
      "funding": {
        "type": "opencollective",
        "url": "https://opencollective.com/core-js"
      }
    },
    "node_modules/core-util-is": {
      "version": "1.0.3",
      "license": "MIT"
    },
    "node_modules/crossvent": {
      "version": "1.5.5",
      "license": "MIT",
      "dependencies": {
        "custom-event": "^1.0.0"
      }
    },
    "node_modules/csscolorparser": {
      "version": "1.0.3",
      "license": "MIT"
    },
    "node_modules/custom-event": {
      "version": "1.0.1",
      "license": "MIT"
    },
    "node_modules/custom-event-polyfill": {
      "version": "1.0.7",
      "license": "MIT"
    },
    "node_modules/datatables.net": {
      "version": "1.13.11",
      "license": "MIT",
      "dependencies": {
        "jquery": "1.8 - 4"
      }
    },
    "node_modules/datatables.net-bs5": {
      "version": "1.13.11",
      "license": "MIT",
      "dependencies": {
        "datatables.net": "1.13.11",
        "jquery": "1.8 - 4"
      }
    },
    "node_modules/datatables.net-buttons": {
      "version": "2.3.6",
      "license": "MIT",
      "dependencies": {
        "datatables.net": ">=1.12.1",
        "jquery": ">=1.7"
      }
    },
    "node_modules/datatables.net-buttons-bs5": {
      "version": "2.3.6",
      "license": "MIT",
      "dependencies": {
        "datatables.net-bs5": ">=1.12.1",
        "datatables.net-buttons": ">=2.2.3",
        "jquery": ">=1.7"
      }
    },
    "node_modules/datatables.net-fixedcolumns": {
      "version": "4.3.0",
      "license": "MIT",
      "dependencies": {
        "datatables.net": ">=1.13.4",
        "jquery": ">=1.7"
      }
    },
    "node_modules/datatables.net-fixedcolumns-bs5": {
      "version": "4.2.2",
      "license": "MIT",
      "dependencies": {
        "datatables.net-bs5": ">=1.12.1",
        "datatables.net-fixedcolumns": ">=4.1.0",
        "jquery": ">=1.7"
      }
    },
    "node_modules/datatables.net-fixedheader": {
      "version": "3.4.0",
      "license": "MIT",
      "dependencies": {
        "datatables.net": ">=1.13.4",
        "jquery": ">=1.7"
      }
    },
    "node_modules/datatables.net-fixedheader-bs5": {
      "version": "3.3.2",
      "license": "MIT",
      "dependencies": {
        "datatables.net-bs5": ">=1.12.1",
        "datatables.net-fixedheader": ">=3.2.4",
        "jquery": ">=1.7"
      }
    },
    "node_modules/datatables.net-responsive": {
      "version": "2.4.1",
      "license": "MIT",
      "dependencies": {
        "datatables.net": ">=1.12.1",
        "jquery": ">=1.7"
      }
    },
    "node_modules/datatables.net-responsive-bs5": {
      "version": "2.4.1",
      "license": "MIT",
      "dependencies": {
        "datatables.net-bs5": ">=1.12.1",
        "datatables.net-responsive": ">=2.3.0",
        "jquery": ">=1.7"
      }
    },
    "node_modules/datatables.net-rowgroup": {
      "version": "1.4.1",
      "license": "MIT",
      "dependencies": {
        "datatables.net": ">=1.13.4",
        "jquery": ">=1.7"
      }
    },
    "node_modules/datatables.net-rowgroup-bs5": {
      "version": "1.3.1",
      "license": "MIT",
      "dependencies": {
        "datatables.net-bs5": ">=1.12.1",
        "datatables.net-rowgroup": ">=1.2.0",
        "jquery": ">=1.7"
      }
    },
    "node_modules/datatables.net-select": {
      "version": "1.7.0",
      "license": "MIT",
      "dependencies": {
        "datatables.net": ">=1.13.4",
        "jquery": ">=1.7"
      }
    },
    "node_modules/datatables.net-select-bs5": {
      "version": "1.6.2",
      "license": "MIT",
      "dependencies": {
        "datatables.net-bs5": ">=1.12.1",
        "datatables.net-select": ">=1.4.0",
        "jquery": ">=1.7"
      }
    },
    "node_modules/deepmerge": {
      "version": "4.3.1",
      "license": "MIT",
      "engines": {
        "node": ">=0.10.0"
      }
    },
    "node_modules/dragula": {
      "version": "3.7.3",
      "license": "MIT",
      "dependencies": {
        "contra": "1.9.4",
        "crossvent": "1.5.5"
      }
    },
    "node_modules/earcut": {
      "version": "2.2.4",
      "license": "ISC"
    },
    "node_modules/fill-range": {
      "version": "7.0.1",
      "license": "MIT",
      "dependencies": {
        "to-regex-range": "^5.0.1"
      },
      "engines": {
        "node": ">=8"
      }
    },
    "node_modules/geojson-vt": {
      "version": "3.2.1",
      "license": "ISC"
    },
    "node_modules/get-stream": {
      "version": "6.0.1",
      "license": "MIT",
      "engines": {
        "node": ">=10"
      },
      "funding": {
        "url": "https://github.com/sponsors/sindresorhus"
      }
    },
    "node_modules/gl-matrix": {
      "version": "3.4.3",
      "license": "MIT"
    },
    "node_modules/glob-parent": {
      "version": "5.1.2",
      "license": "ISC",
      "dependencies": {
        "is-glob": "^4.0.1"
      },
      "engines": {
        "node": ">= 6"
      }
    },
    "node_modules/grid-index": {
      "version": "1.1.0",
      "license": "ISC"
    },
    "node_modules/has-flag": {
      "version": "3.0.0",
      "license": "MIT",
      "engines": {
        "node": ">=4"
      }
    },
    "node_modules/highlight.js": {
      "version": "11.8.0",
      "license": "BSD-3-Clause",
      "engines": {
        "node": ">=12.0.0"
      }
    },
    "node_modules/ieee754": {
      "version": "1.2.1",
      "funding": [
        {
          "type": "github",
          "url": "https://github.com/sponsors/feross"
        },
        {
          "type": "patreon",
          "url": "https://www.patreon.com/feross"
        },
        {
          "type": "consulting",
          "url": "https://feross.org/support"
        }
      ],
      "license": "BSD-3-Clause"
    },
    "node_modules/ignore-by-default": {
      "version": "1.0.1",
      "license": "ISC"
    },
    "node_modules/inherits": {
      "version": "2.0.4",
      "license": "ISC"
    },
    "node_modules/is-binary-path": {
      "version": "2.1.0",
      "license": "MIT",
      "dependencies": {
        "binary-extensions": "^2.0.0"
      },
      "engines": {
        "node": ">=8"
      }
    },
    "node_modules/is-extglob": {
      "version": "2.1.1",
      "license": "MIT",
      "engines": {
        "node": ">=0.10.0"
      }
    },
    "node_modules/is-glob": {
      "version": "4.0.3",
      "license": "MIT",
      "dependencies": {
        "is-extglob": "^2.1.1"
      },
      "engines": {
        "node": ">=0.10.0"
      }
    },
    "node_modules/is-number": {
      "version": "7.0.0",
      "license": "MIT",
      "engines": {
        "node": ">=0.12.0"
      }
    },
    "node_modules/jkanban": {
      "version": "1.3.1",
      "license": "Apache 2.0",
      "dependencies": {
        "dragula": "^3.7.3",
        "npm-watch": "^0.7.0"
      }
    },
    "node_modules/jquery": {
      "version": "3.7.1",
      "license": "MIT"
    },
    "node_modules/jquery-datatables-checkboxes": {
      "version": "1.2.14",
      "license": "MIT",
      "dependencies": {
        "datatables.net": ">=1.10.8",
        "jquery": ">=1.7"
      }
    },
    "node_modules/js-tokens": {
      "version": "4.0.0",
      "license": "MIT",
      "peer": true
    },
    "node_modules/jstree": {
      "version": "3.3.17",
      "license": "MIT",
      "dependencies": {
        "jquery": "^3.5.0"
      }
    },
    "node_modules/katex": {
      "version": "0.16.22",
      "funding": [
        "https://opencollective.com/katex",
        "https://github.com/sponsors/katex"
      ],
      "license": "MIT",
      "dependencies": {
        "commander": "^8.3.0"
      },
      "bin": {
        "katex": "cli.js"
      }
    },
    "node_modules/katex/node_modules/commander": {
      "version": "8.3.0",
      "license": "MIT",
      "engines": {
        "node": ">= 12"
      }
    },
    "node_modules/kdbush": {
      "version": "4.0.2",
      "license": "ISC"
    },
    "node_modules/leaflet": {
      "version": "1.9.4",
      "license": "BSD-2-Clause"
    },
    "node_modules/loadjs": {
      "version": "4.2.0",
      "license": "MIT"
    },
    "node_modules/lodash.debounce": {
      "version": "4.0.8",
      "license": "MIT"
    },
    "node_modules/lodash.throttle": {
      "version": "4.1.1",
      "license": "MIT"
    },
    "node_modules/loose-envify": {
      "version": "1.4.0",
      "license": "MIT",
      "peer": true,
      "dependencies": {
        "js-tokens": "^3.0.0 || ^4.0.0"
      },
      "bin": {
        "loose-envify": "cli.js"
      }
    },
    "node_modules/mapbox-gl": {
      "version": "2.15.0",
      "license": "SEE LICENSE IN LICENSE.txt",
      "dependencies": {
        "@mapbox/geojson-rewind": "^0.5.2",
        "@mapbox/jsonlint-lines-primitives": "^2.0.2",
        "@mapbox/mapbox-gl-supported": "^2.0.1",
        "@mapbox/point-geometry": "^0.1.0",
        "@mapbox/tiny-sdf": "^2.0.6",
        "@mapbox/unitbezier": "^0.0.1",
        "@mapbox/vector-tile": "^1.3.1",
        "@mapbox/whoots-js": "^3.1.0",
        "csscolorparser": "~1.0.3",
        "earcut": "^2.2.4",
        "geojson-vt": "^3.2.1",
        "gl-matrix": "^3.4.3",
        "grid-index": "^1.1.0",
        "kdbush": "^4.0.1",
        "murmurhash-js": "^1.0.0",
        "pbf": "^3.2.1",
        "potpack": "^2.0.0",
        "quickselect": "^2.0.0",
        "rw": "^1.3.3",
        "supercluster": "^8.0.0",
        "tinyqueue": "^2.0.3",
        "vt-pbf": "^3.1.3"
      }
    },
    "node_modules/minimatch": {
      "version": "3.1.2",
      "license": "ISC",
      "dependencies": {
        "brace-expansion": "^1.1.7"
      },
      "engines": {
        "node": "*"
      }
    },
    "node_modules/minimist": {
      "version": "1.2.8",
      "license": "MIT",
      "funding": {
        "url": "https://github.com/sponsors/ljharb"
      }
    },
    "node_modules/ms": {
      "version": "2.1.2",
      "license": "MIT"
    },
    "node_modules/murmurhash-js": {
      "version": "1.0.0",
      "license": "MIT"
    },
    "node_modules/nanopop": {
      "version": "2.3.0",
      "license": "MIT"
    },
    "node_modules/nodemon": {
      "version": "2.0.22",
      "license": "MIT",
      "dependencies": {
        "chokidar": "^3.5.2",
        "debug": "^3.2.7",
        "ignore-by-default": "^1.0.1",
        "minimatch": "^3.1.2",
        "pstree.remy": "^1.1.8",
        "semver": "^5.7.1",
        "simple-update-notifier": "^1.0.7",
        "supports-color": "^5.5.0",
        "touch": "^3.1.0",
        "undefsafe": "^2.0.5"
      },
      "bin": {
        "nodemon": "bin/nodemon.js"
      },
      "engines": {
        "node": ">=8.10.0"
      },
      "funding": {
        "type": "opencollective",
        "url": "https://opencollective.com/nodemon"
      }
    },
    "node_modules/nodemon/node_modules/debug": {
      "version": "3.2.7",
      "license": "MIT",
      "dependencies": {
        "ms": "^2.1.1"
      }
    },
    "node_modules/nodemon/node_modules/semver": {
      "version": "5.7.2",
      "license": "ISC",
      "bin": {
        "semver": "bin/semver"
      }
    },
    "node_modules/normalize-path": {
      "version": "3.0.0",
      "license": "MIT",
      "engines": {
        "node": ">=0.10.0"
      }
    },
    "node_modules/nouislider": {
      "version": "15.7.2",
      "license": "MIT"
    },
    "node_modules/npm-watch": {
      "version": "0.7.0",
      "license": "MIT",
      "dependencies": {
        "nodemon": "^2.0.3",
        "through2": "^2.0.0"
      },
      "bin": {
        "npm-watch": "cli.js"
      }
    },
    "node_modules/npm-watch/node_modules/through2": {
      "version": "2.0.5",
      "license": "MIT",
      "dependencies": {
        "readable-stream": "~2.3.6",
        "xtend": "~4.0.1"
      }
    },
    "node_modules/object-assign": {
      "version": "4.1.1",
      "license": "MIT",
      "peer": true,
      "engines": {
        "node": ">=0.10.0"
      }
    },
    "node_modules/pbf": {
      "version": "3.2.1",
      "license": "BSD-3-Clause",
      "dependencies": {
        "ieee754": "^1.1.12",
        "resolve-protobuf-schema": "^2.1.0"
      },
      "bin": {
        "pbf": "bin/pbf"
      }
    },
    "node_modules/perfect-scrollbar": {
      "version": "1.5.6",
      "license": "MIT"
    },
    "node_modules/picomatch": {
      "version": "2.3.1",
      "license": "MIT",
      "engines": {
        "node": ">=8.6"
      },
      "funding": {
        "url": "https://github.com/sponsors/jonschlinkert"
      }
    },
    "node_modules/plyr": {
      "version": "3.7.8",
      "license": "MIT",
      "dependencies": {
        "core-js": "^3.26.1",
        "custom-event-polyfill": "^1.0.7",
        "loadjs": "^4.2.0",
        "rangetouch": "^2.0.1",
        "url-polyfill": "^1.1.12"
      }
    },
    "node_modules/potpack": {
      "version": "2.0.0",
      "license": "ISC"
    },
    "node_modules/process-nextick-args": {
      "version": "2.0.1",
      "license": "MIT"
    },
    "node_modules/prop-types": {
      "version": "15.7.2",
      "license": "MIT",
      "peer": true,
      "dependencies": {
        "loose-envify": "^1.4.0",
        "object-assign": "^4.1.1",
        "react-is": "^16.8.1"
      }
    },
    "node_modules/protocol-buffers-schema": {
      "version": "3.6.0",
      "license": "MIT"
    },
    "node_modules/pstree.remy": {
      "version": "1.1.8",
      "license": "MIT"
    },
    "node_modules/quickselect": {
      "version": "2.0.0",
      "license": "ISC"
    },
    "node_modules/rangetouch": {
      "version": "2.0.1",
      "license": "MIT"
    },
    "node_modules/rateyo": {
      "version": "2.3.5",
      "license": "MIT"
    },
    "node_modules/react-is": {
      "version": "16.13.1",
      "license": "MIT",
      "peer": true
    },
    "node_modules/readable-stream": {
      "version": "2.3.8",
      "license": "MIT",
      "dependencies": {
        "core-util-is": "~1.0.0",
        "inherits": "~2.0.3",
        "isarray": "~1.0.0",
        "process-nextick-args": "~2.0.0",
        "safe-buffer": "~5.1.1",
        "string_decoder": "~1.1.1",
        "util-deprecate": "~1.0.1"
      }
    },
    "node_modules/readable-stream/node_modules/isarray": {
      "version": "1.0.0",
      "license": "MIT"
    },
    "node_modules/readable-stream/node_modules/safe-buffer": {
      "version": "5.1.2",
      "license": "MIT"
    },
    "node_modules/readdirp": {
      "version": "3.6.0",
      "license": "MIT",
      "dependencies": {
        "picomatch": "^2.2.1"
      },
      "engines": {
        "node": ">=8.10.0"
      }
    },
    "node_modules/resolve-protobuf-schema": {
      "version": "2.1.0",
      "license": "MIT",
      "dependencies": {
        "protocol-buffers-schema": "^3.3.1"
      }
    },
    "node_modules/rw": {
      "version": "1.3.3",
      "license": "BSD-3-Clause"
    },
    "node_modules/select2": {
      "version": "4.0.13",
      "license": "MIT"
    },
    "node_modules/shepherd.js": {
      "version": "10.0.1",
      "license": "MIT",
      "dependencies": {
        "@popperjs/core": "^2.11.5",
        "deepmerge": "^4.2.2",
        "smoothscroll-polyfill": "^0.4.4"
      },
      "engines": {
        "node": "12.* || 14.* || >= 16"
      },
      "funding": {
        "type": "individual",
        "url": "https://github.com/sponsors/rwwagner90"
      }
    },
    "node_modules/simple-update-notifier": {
      "version": "1.1.0",
      "license": "MIT",
      "dependencies": {
        "semver": "~7.0.0"
      },
      "engines": {
        "node": ">=8.10.0"
      }
    },
    "node_modules/simple-update-notifier/node_modules/semver": {
      "version": "7.0.0",
      "license": "ISC",
      "bin": {
        "semver": "bin/semver.js"
      }
    },
    "node_modules/smoothscroll-polyfill": {
      "version": "0.4.4",
      "license": "MIT"
    },
    "node_modules/spinkit": {
      "version": "2.0.1",
      "license": "MIT"
    },
    "node_modules/ssr-window": {
      "version": "4.0.2",
      "license": "MIT"
    },
    "node_modules/string_decoder": {
      "version": "1.1.1",
      "license": "MIT",
      "dependencies": {
        "safe-buffer": "~5.1.0"
      }
    },
    "node_modules/string_decoder/node_modules/safe-buffer": {
      "version": "5.1.2",
      "license": "MIT"
    },
    "node_modules/supercluster": {
      "version": "8.0.1",
      "license": "ISC",
      "dependencies": {
        "kdbush": "^4.0.2"
      }
    },
    "node_modules/supports-color": {
      "version": "5.5.0",
      "license": "MIT",
      "dependencies": {
        "has-flag": "^3.0.0"
      },
      "engines": {
        "node": ">=4"
      }
    },
    "node_modules/svg.draggable.js": {
      "version": "2.2.2",
      "license": "MIT",
      "dependencies": {
        "svg.js": "^2.0.1"
      },
      "engines": {
        "node": ">= 0.8.0"
      }
    },
    "node_modules/svg.easing.js": {
      "version": "2.0.0",
      "license": "MIT",
      "dependencies": {
        "svg.js": ">=2.3.x"
      },
      "engines": {
        "node": ">= 0.8.0"
      }
    },
    "node_modules/svg.filter.js": {
      "version": "2.0.2",
      "license": "MIT",
      "dependencies": {
        "svg.js": "^2.2.5"
      },
      "engines": {
        "node": ">= 0.8.0"
      }
    },
    "node_modules/svg.js": {
      "version": "2.7.1",
      "license": "MIT"
    },
    "node_modules/svg.pathmorphing.js": {
      "version": "0.1.3",
      "license": "MIT",
      "dependencies": {
        "svg.js": "^2.4.0"
      },
      "engines": {
        "node": ">= 0.8.0"
      }
    },
    "node_modules/svg.resize.js": {
      "version": "1.4.3",
      "license": "MIT",
      "dependencies": {
        "svg.js": "^2.6.5",
        "svg.select.js": "^2.1.2"
      },
      "engines": {
        "node": ">= 0.8.0"
      }
    },
    "node_modules/svg.resize.js/node_modules/svg.select.js": {
      "version": "2.1.2",
      "license": "MIT",
      "dependencies": {
        "svg.js": "^2.2.5"
      },
      "engines": {
        "node": ">= 0.8.0"
      }
    },
    "node_modules/svg.select.js": {
      "version": "3.0.1",
      "license": "MIT",
      "dependencies": {
        "svg.js": "^2.6.5"
      },
      "engines": {
        "node": ">= 0.8.0"
      }
    },
    "node_modules/sweetalert2": {
      "version": "11.7.32",
      "license": "MIT",
      "funding": {
        "type": "individual",
        "url": "https://github.com/sponsors/limonte"
      }
    },
    "node_modules/swiper": {
      "version": "9.4.1",
      "funding": [
        {
          "type": "patreon",
          "url": "https://www.patreon.com/swiperjs"
        },
        {
          "type": "open_collective",
          "url": "http://opencollective.com/swiper"
        }
      ],
      "license": "MIT",
      "dependencies": {
        "ssr-window": "^4.0.2"
      },
      "engines": {
        "node": ">= 4.7.0"
      }
    },
    "node_modules/ticky": {
      "version": "1.0.1",
      "license": "MIT"
    },
    "node_modules/tinyqueue": {
      "version": "2.0.3",
      "license": "ISC"
    },
    "node_modules/to-regex-range": {
      "version": "5.0.1",
      "license": "MIT",
      "dependencies": {
        "is-number": "^7.0.0"
      },
      "engines": {
        "node": ">=8.0"
      }
    },
    "node_modules/toastr": {
      "version": "2.1.4",
      "dependencies": {
        "jquery": ">=1.12.0"
      }
    },
    "node_modules/touch": {
      "version": "3.1.0",
      "license": "ISC",
      "dependencies": {
        "nopt": "~1.0.10"
      },
      "bin": {
        "nodetouch": "bin/nodetouch.js"
      }
    },
    "node_modules/touch/node_modules/abbrev": {
      "version": "1.1.1",
      "license": "ISC"
    },
    "node_modules/touch/node_modules/nopt": {
      "version": "1.0.10",
      "license": "MIT",
      "dependencies": {
        "abbrev": "1"
      },
      "bin": {
        "nopt": "bin/nopt.js"
      }
    },
    "node_modules/undefsafe": {
      "version": "2.0.5",
      "license": "MIT"
    },
    "node_modules/url-polyfill": {
      "version": "1.1.12",
      "license": "MIT"
    },
    "node_modules/util-deprecate": {
      "version": "1.0.2",
      "license": "MIT"
    },
    "node_modules/vt-pbf": {
      "version": "3.1.3",
      "license": "MIT",
      "dependencies": {
        "@mapbox/point-geometry": "0.1.0",
        "@mapbox/vector-tile": "^1.3.1",
        "pbf": "^3.2.1"
      }
    },
    "node_modules/xtend": {
      "version": "4.0.2",
      "license": "MIT",
      "engines": {
        "node": ">=0.4"
      }
    }
  }
}
